{
  "object": {
    "pins": [
      {
        "package": "MunroQueryEngine",
        "repositoryURL": "https://github.com/thisolivier/munroQueryEngine",
        "state": {
          "branch": "main",
          "revision": "c5c956eef16ba1530f6986d0f01241bbf93cc2f9",
          "version": null
        }
      }
    ]
  },
  "version": 1
}
