{
  "object": {
    "pins": [
      {
        "package": "MunroQueryEngine",
        "repositoryURL": "https://github.com/thisolivier/munroQueryEngine",
        "state": {
          "branch": "main",
          "revision": "092181d0257176dad47e601f0cffc6663e4c566f",
          "version": null
        }
      }
    ]
  },
  "version": 1
}
